<?xml version="1.0" encoding="utf-8"?>
<Project ToolsVersion="4.0" xmlns="http://schemas.microsoft.com/developer/msbuild/2003">
  <ItemGroup>
    <Filter Include="Core">
      <UniqueIdentifier>{fa694ba1-c86f-4d06-9e68-38ce300c2d96}</UniqueIdentifier>
    </Filter>
    <Filter Include="Core\Header Files">
      <UniqueIdentifier>{93995380-89BD-4b04-88EB-625FBE52EBFB}</UniqueIdentifier>
      <Extensions>h;hh;hpp;hxx;h++;hm;inl;inc;ipp;xsd</Extensions>
    </Filter>
    <Filter Include="Core\Source Files">
      <UniqueIdentifier>{4FC737F1-C7A5-4376-A066-2A32D752A2FF}</UniqueIdentifier>
      <Extensions>cpp;c;cc;cxx;c++;cppm;ixx;def;odl;idl;hpj;bat;asm;asmx</Extensions>
    </Filter>
    <Filter Include="Core\Resource Files">
      <UniqueIdentifier>{67DA6AB6-F800-4c08-8B7A-83BB121AAD01}</UniqueIdentifier>
      <Extensions>rc;ico;cur;bmp;dlg;rc2;rct;bin;rgs;gif;jpg;jpeg;jpe;resx;tiff;tif;png;wav;mfcribbon-ms</Extensions>
    </Filter>
    <Filter Include="Application">
      <UniqueIdentifier>{30911ae2-08d0-43d1-9f12-cd5016bf3e32}</UniqueIdentifier>
    </Filter>
    <Filter Include="Core\imgui">
      <UniqueIdentifier>{f3e89c6c-9a55-473d-b881-27ef0b10ea5c}</UniqueIdentifier>
    </Filter>
    <Filter Include="Core\Shaders">
      <UniqueIdentifier>{0c65b550-9db1-4ce3-a60a-0dac333eebc9}</UniqueIdentifier>
    </Filter>
    <Filter Include="Core\Shaders\Vertex Shaders">
      <UniqueIdentifier>{81a8ed37-62dd-46a5-b492-5e60548e7e1d}</UniqueIdentifier>
    </Filter>
    <Filter Include="Core\Shaders\Fragment Shaders">
      <UniqueIdentifier>{983e66d3-543d-4069-8733-d15b4694bd68}</UniqueIdentifier>
    </Filter>
    <Filter Include="Core\Data Types">
      <UniqueIdentifier>{64903e12-c784-4791-8d43-87bbce178313}</UniqueIdentifier>
    </Filter>
  </ItemGroup>
  <ItemGroup>
    <ClInclude Include="SystemGlobals.h" />
    <ClInclude Include="Core\Headers\Graphics.h">
      <Filter>Core\Header Files</Filter>
    </ClInclude>
    <ClInclude Include="Core\Headers\SystemManager.h">
      <Filter>Core\Header Files</Filter>
    </ClInclude>
    <ClInclude Include="Core\Headers\WindowManager.h">
      <Filter>Core\Header Files</Filter>
    </ClInclude>
    <ClInclude Include="Core\Headers\GameObject.h">
      <Filter>Core\Header Files</Filter>
    </ClInclude>
    <ClInclude Include="Core\Includes\imgui\imconfig.h">
      <Filter>Core\Header Files</Filter>
    </ClInclude>
    <ClInclude Include="Core\Includes\imgui\imgui.h">
      <Filter>Core\imgui</Filter>
    </ClInclude>
    <ClInclude Include="Core\Includes\imgui\imgui_impl_dx11.h">
      <Filter>Core\imgui</Filter>
    </ClInclude>
    <ClInclude Include="Core\Includes\imgui\imgui_impl_glfw.h">
      <Filter>Core\imgui</Filter>
    </ClInclude>
    <ClInclude Include="Core\Includes\imgui\imgui_impl_opengl3.h">
      <Filter>Core\imgui</Filter>
    </ClInclude>
    <ClInclude Include="Core\Includes\imgui\imgui_impl_opengl3_loader.h">
      <Filter>Core\imgui</Filter>
    </ClInclude>
    <ClInclude Include="Core\Includes\imgui\imgui_impl_win32.h">
      <Filter>Core\imgui</Filter>
    </ClInclude>
    <ClInclude Include="Core\Includes\imgui\imgui_internal.h">
      <Filter>Core\imgui</Filter>
    </ClInclude>
    <ClInclude Include="Core\Includes\imgui\imstb_rectpack.h">
      <Filter>Core\imgui</Filter>
    </ClInclude>
    <ClInclude Include="Core\Includes\imgui\imstb_textedit.h">
      <Filter>Core\imgui</Filter>
    </ClInclude>
    <ClInclude Include="Core\Includes\imgui\imstb_truetype.h">
      <Filter>Core\imgui</Filter>
    </ClInclude>
    <ClInclude Include="Vertex.h">
      <Filter>Core\Data Types</Filter>
    </ClInclude>
    <ClInclude Include="Core\Headers\Material.h">
      <Filter>Core\Header Files</Filter>
    </ClInclude>
  </ItemGroup>
  <ItemGroup>
    <ClCompile Include="Application\Main.cpp">
      <Filter>Application</Filter>
    </ClCompile>
    <ClCompile Include="Core\Source\Graphics.cpp">
      <Filter>Core\Source Files</Filter>
    </ClCompile>
    <ClCompile Include="Core\Source\SystemManager.cpp">
      <Filter>Core\Source Files</Filter>
    </ClCompile>
    <ClCompile Include="Core\Source\WindowManager.cpp">
      <Filter>Core\Source Files</Filter>
    </ClCompile>
    <ClCompile Include="Core\Source\glad.c">
      <Filter>Core\Source Files</Filter>
    </ClCompile>
    <ClCompile Include="Core\Source\GameObject.cpp">
      <Filter>Core\Source Files</Filter>
    </ClCompile>
    <ClCompile Include="Core\Includes\imgui\imgui.cpp">
      <Filter>Core\imgui</Filter>
    </ClCompile>
    <ClCompile Include="Core\Includes\imgui\imgui_demo.cpp">
      <Filter>Core\imgui</Filter>
    </ClCompile>
    <ClCompile Include="Core\Includes\imgui\imgui_draw.cpp">
      <Filter>Core\imgui</Filter>
    </ClCompile>
    <ClCompile Include="Core\Includes\imgui\imgui_impl_dx11.cpp">
      <Filter>Core\imgui</Filter>
    </ClCompile>
    <ClCompile Include="Core\Includes\imgui\imgui_impl_glfw.cpp">
      <Filter>Core\imgui</Filter>
    </ClCompile>
    <ClCompile Include="Core\Includes\imgui\imgui_impl_opengl3.cpp">
      <Filter>Core\imgui</Filter>
    </ClCompile>
    <ClCompile Include="Core\Includes\imgui\imgui_impl_win32.cpp">
      <Filter>Core\imgui</Filter>
    </ClCompile>
    <ClCompile Include="Core\Includes\imgui\imgui_tables.cpp">
      <Filter>Core\imgui</Filter>
    </ClCompile>
    <ClCompile Include="Core\Includes\imgui\imgui_widgets.cpp">
      <Filter>Core\imgui</Filter>
    </ClCompile>
    <ClCompile Include="Vertex.cpp">
      <Filter>Core\Data Types</Filter>
    </ClCompile>
    <ClCompile Include="Core\Source\Material.cpp">
      <Filter>Core\Source Files</Filter>
    </ClCompile>
  </ItemGroup>
  <ItemGroup>
    <None Include="Core\Shaders\Vertex Shaders\FallbackVertex.vert">
      <Filter>Core\Shaders\Vertex Shaders</Filter>
    </None>
    <None Include="Core\Shaders\Fragment Shaders\FallbackFragment.frag">
      <Filter>Core\Shaders\Fragment Shaders</Filter>
    </None>
  </ItemGroup>
</Project>